# This file is automatically @generated by Cargo.
# It is not intended for manual editing.
version = 3

[[package]]
name = "ahash"
version = "0.8.3"
source = "registry+https://github.com/rust-lang/crates.io-index"
checksum = "2c99f64d1e06488f620f932677e24bc6e2897582980441ae90a671415bd7ec2f"
dependencies = [
 "cfg-if 1.0.0",
 "getrandom",
 "once_cell",
 "version_check",
]

[[package]]
name = "approx"
version = "0.1.1"
source = "registry+https://github.com/rust-lang/crates.io-index"
checksum = "08abcc3b4e9339e33a3d0a5ed15d84a687350c05689d825e0f6655eef9e76a94"

[[package]]
name = "autocfg"
version = "0.1.2"
source = "registry+https://github.com/rust-lang/crates.io-index"
checksum = "a6d640bee2da49f60a4068a7fae53acde8982514ab7bae8b8cea9e88cbcfd799"

[[package]]
name = "autocfg"
version = "1.1.0"
source = "registry+https://github.com/rust-lang/crates.io-index"
checksum = "d468802bab17cbc0cc575e9b053f41e72aa36bfa6b7f55e3529ffa43161b97fa"

[[package]]
name = "bitflags"
version = "1.0.4"
source = "registry+https://github.com/rust-lang/crates.io-index"
checksum = "228047a76f468627ca71776ecdebd732a3423081fcf5125585bcd7c49886ce12"

[[package]]
name = "bitflags"
version = "2.4.0"
source = "registry+https://github.com/rust-lang/crates.io-index"
checksum = "b4682ae6287fcf752ecaabbfcc7b6f9b72aa33933dc23a554d853aea8eea8635"

[[package]]
name = "byteorder"
version = "1.3.1"
source = "registry+https://github.com/rust-lang/crates.io-index"
checksum = "a019b10a2a7cdeb292db131fc8113e57ea2a908f6e7894b0c3c671893b65dbeb"

[[package]]
name = "cc"
version = "1.0.37"
source = "registry+https://github.com/rust-lang/crates.io-index"
checksum = "39f75544d7bbaf57560d2168f28fd649ff9c76153874db88bdbdfd839b1a7e7d"

[[package]]
name = "cfg-if"
version = "0.1.9"
source = "registry+https://github.com/rust-lang/crates.io-index"
checksum = "b486ce3ccf7ffd79fdeb678eac06a9e6c09fc88d33836340becb8fffe87c5e33"

[[package]]
name = "cfg-if"
version = "1.0.0"
source = "registry+https://github.com/rust-lang/crates.io-index"
checksum = "baf1de4339761588bc0619e3cbc0120ee582ebb74b53b4efbf79117bd2da40fd"

[[package]]
name = "cgmath"
version = "0.16.1"
source = "registry+https://github.com/rust-lang/crates.io-index"
checksum = "64a4b57c8f4e3a2e9ac07e0f6abc9c24b6fc9e1b54c3478cfb598f3d0023e51c"
dependencies = [
 "approx",
 "num-traits 0.1.43",
 "rand 0.4.6",
]

[[package]]
name = "cloudabi"
version = "0.0.3"
source = "registry+https://github.com/rust-lang/crates.io-index"
checksum = "ddfc5b9aa5d4507acaf872de71051dfd0e309860e88966e1051e462a077aac4f"
dependencies = [
 "bitflags 1.0.4",
]

[[package]]
name = "colored"
version = "1.8.0"
source = "registry+https://github.com/rust-lang/crates.io-index"
checksum = "6cdb90b60f2927f8d76139c72dbde7e10c3a2bc47c8594c9c7a66529f2687c03"
dependencies = [
 "lazy_static",
 "winconsole",
]

[[package]]
name = "core-foundation"
version = "0.6.4"
source = "registry+https://github.com/rust-lang/crates.io-index"
checksum = "25b9e03f145fd4f2bf705e07b900cd41fc636598fe5dc452fd0db1441c3f496d"
dependencies = [
 "core-foundation-sys",
 "libc",
]

[[package]]
name = "core-foundation-sys"
version = "0.6.2"
source = "registry+https://github.com/rust-lang/crates.io-index"
checksum = "e7ca8a5221364ef15ce201e8ed2f609fc312682a8f4e0e3d4aa5879764e0fa3b"

[[package]]
name = "cssparser"
version = "0.31.2"
source = "registry+https://github.com/rust-lang/crates.io-index"
checksum = "5b3df4f93e5fbbe73ec01ec8d3f68bba73107993a5b1e7519273c32db9b0d5be"
dependencies = [
 "cssparser-macros",
 "dtoa-short",
 "itoa",
 "phf 0.11.2",
 "smallvec",
]

[[package]]
name = "cssparser-macros"
version = "0.6.1"
source = "registry+https://github.com/rust-lang/crates.io-index"
checksum = "13b588ba4ac1a99f7f2964d24b3d896ddc6bf847ee3855dbd4366f058cfcd331"
dependencies = [
 "quote 1.0.33",
 "syn 2.0.29",
]

[[package]]
name = "derive_more"
version = "0.99.17"
source = "registry+https://github.com/rust-lang/crates.io-index"
checksum = "4fb810d30a7c1953f91334de7244731fc3f3c10d7fe163338a35b9f640960321"
dependencies = [
 "proc-macro2 1.0.66",
 "quote 1.0.33",
 "syn 1.0.109",
]

[[package]]
name = "dtoa"
version = "0.4.4"
source = "registry+https://github.com/rust-lang/crates.io-index"
checksum = "ea57b42383d091c85abcc2706240b94ab2a8fa1fc81c10ff23c4de06e2a90b5e"

[[package]]
name = "dtoa-short"
version = "0.3.2"
source = "registry+https://github.com/rust-lang/crates.io-index"
checksum = "59020b8513b76630c49d918c33db9f4c91638e7d3404a28084083b87e33f76f2"
dependencies = [
 "dtoa",
]

[[package]]
name = "ego-tree"
version = "0.6.2"
source = "registry+https://github.com/rust-lang/crates.io-index"
checksum = "3a68a4904193147e0a8dec3314640e6db742afd5f6e634f428a6af230d9b3591"

[[package]]
name = "encoding"
version = "0.2.33"
source = "registry+https://github.com/rust-lang/crates.io-index"
checksum = "6b0d943856b990d12d3b55b359144ff341533e516d94098b1d3fc1ac666d36ec"
dependencies = [
 "encoding-index-japanese",
 "encoding-index-korean",
 "encoding-index-simpchinese",
 "encoding-index-singlebyte",
 "encoding-index-tradchinese",
]

[[package]]
name = "encoding-index-japanese"
version = "1.20141219.5"
source = "registry+https://github.com/rust-lang/crates.io-index"
checksum = "04e8b2ff42e9a05335dbf8b5c6f7567e5591d0d916ccef4e0b1710d32a0d0c91"
dependencies = [
 "encoding_index_tests",
]

[[package]]
name = "encoding-index-korean"
version = "1.20141219.5"
source = "registry+https://github.com/rust-lang/crates.io-index"
checksum = "4dc33fb8e6bcba213fe2f14275f0963fd16f0a02c878e3095ecfdf5bee529d81"
dependencies = [
 "encoding_index_tests",
]

[[package]]
name = "encoding-index-simpchinese"
version = "1.20141219.5"
source = "registry+https://github.com/rust-lang/crates.io-index"
checksum = "d87a7194909b9118fc707194baa434a4e3b0fb6a5a757c73c3adb07aa25031f7"
dependencies = [
 "encoding_index_tests",
]

[[package]]
name = "encoding-index-singlebyte"
version = "1.20141219.5"
source = "registry+https://github.com/rust-lang/crates.io-index"
checksum = "3351d5acffb224af9ca265f435b859c7c01537c0849754d3db3fdf2bfe2ae84a"
dependencies = [
 "encoding_index_tests",
]

[[package]]
name = "encoding-index-tradchinese"
version = "1.20141219.5"
source = "registry+https://github.com/rust-lang/crates.io-index"
checksum = "fd0e20d5688ce3cab59eb3ef3a2083a5c77bf496cb798dc6fcdb75f323890c18"
dependencies = [
 "encoding_index_tests",
]

[[package]]
name = "encoding_index_tests"
version = "0.1.4"
source = "registry+https://github.com/rust-lang/crates.io-index"
checksum = "a246d82be1c9d791c5dfde9a2bd045fc3cbba3fa2b11ad558f27d01712f00569"

[[package]]
name = "fern"
version = "0.5.8"
source = "registry+https://github.com/rust-lang/crates.io-index"
checksum = "29d26fa0f4d433d1956746e66ec10d6bf4d6c8b93cd39965cceea7f7cc78c7dd"
dependencies = [
 "log",
]

[[package]]
name = "foreign-types"
version = "0.3.2"
source = "registry+https://github.com/rust-lang/crates.io-index"
checksum = "f6f339eb8adc052cd2ca78910fda869aefa38d22d5cb648e6485e4d3fc06f3b1"
dependencies = [
 "foreign-types-shared",
]

[[package]]
name = "foreign-types-shared"
version = "0.1.1"
source = "registry+https://github.com/rust-lang/crates.io-index"
checksum = "00b0228411908ca8685dba7fc2cdd70ec9990a6e753e89b6ac91a84c40fbaf4b"

[[package]]
name = "fuchsia-cprng"
version = "0.1.1"
source = "registry+https://github.com/rust-lang/crates.io-index"
checksum = "a06f77d526c1a601b7c4cdd98f54b5eaabffc14d5f2f0296febdc7f357c6d3ba"

[[package]]
name = "futf"
version = "0.1.5"
source = "registry+https://github.com/rust-lang/crates.io-index"
checksum = "df420e2e84819663797d1ec6544b13c5be84629e7bb00dc960d6917db2987843"
dependencies = [
 "mac",
 "new_debug_unreachable",
]

[[package]]
name = "fxhash"
version = "0.2.1"
source = "registry+https://github.com/rust-lang/crates.io-index"
checksum = "c31b6d751ae2c7f11320402d34e41349dd1016f8d5d45e48c4312bc8625af50c"
dependencies = [
 "byteorder",
]

[[package]]
name = "getopts"
version = "0.2.21"
source = "registry+https://github.com/rust-lang/crates.io-index"
checksum = "14dbbfd5c71d70241ecf9e6f13737f7b5ce823821063188d7e46c41d371eebd5"
dependencies = [
 "unicode-width",
]

[[package]]
name = "getrandom"
version = "0.2.10"
source = "registry+https://github.com/rust-lang/crates.io-index"
checksum = "be4136b2a15dd319360be1c07d9933517ccf0be8f16bf62a3bee4f0d618df427"
dependencies = [
 "cfg-if 1.0.0",
 "libc",
 "wasi",
]

[[package]]
name = "html5ever"
version = "0.26.0"
source = "registry+https://github.com/rust-lang/crates.io-index"
checksum = "bea68cab48b8459f17cf1c944c67ddc572d272d9f2b274140f223ecb1da4a3b7"
dependencies = [
 "log",
 "mac",
 "markup5ever",
 "proc-macro2 1.0.66",
 "quote 1.0.33",
 "syn 1.0.109",
]

[[package]]
name = "instant"
version = "0.1.12"
source = "registry+https://github.com/rust-lang/crates.io-index"
checksum = "7a5bbe824c507c5da5956355e86a746d82e0e1464f65d862cc5e71da70e94b2c"
dependencies = [
 "cfg-if 1.0.0",
]

[[package]]
name = "itoa"
version = "1.0.9"
source = "registry+https://github.com/rust-lang/crates.io-index"
checksum = "af150ab688ff2122fcef229be89cb50dd66af9e01a4ff320cc137eecc9bacc38"

[[package]]
name = "lazy_static"
version = "1.3.0"
source = "registry+https://github.com/rust-lang/crates.io-index"
checksum = "bc5729f27f159ddd61f4df6228e827e86643d4d3e7c32183cb30a1c08f604a14"

[[package]]
name = "libc"
version = "0.2.147"
source = "registry+https://github.com/rust-lang/crates.io-index"
checksum = "b4668fb0ea861c1df094127ac5f1da3409a82116a4ba74fca2e58ef927159bb3"

[[package]]
name = "lock_api"
version = "0.4.10"
source = "registry+https://github.com/rust-lang/crates.io-index"
checksum = "c1cc9717a20b1bb222f333e6a92fd32f7d8a18ddc5a3191a11af45dcbf4dcd16"
dependencies = [
 "autocfg 1.1.0",
 "scopeguard",
]

[[package]]
name = "log"
version = "0.4.6"
source = "registry+https://github.com/rust-lang/crates.io-index"
checksum = "c84ec4b527950aa83a329754b01dbe3f58361d1c5efacd1f6d68c494d08a17c6"
dependencies = [
 "cfg-if 0.1.9",
]

[[package]]
name = "mac"
version = "0.1.1"
source = "registry+https://github.com/rust-lang/crates.io-index"
checksum = "c41e0c4fef86961ac6d6f8a82609f55f31b05e4fce149ac5710e439df7619ba4"

[[package]]
name = "markup5ever"
version = "0.11.0"
source = "registry+https://github.com/rust-lang/crates.io-index"
checksum = "7a2629bb1404f3d34c2e921f21fd34ba00b206124c81f65c50b43b6aaefeb016"
dependencies = [
 "log",
 "phf 0.10.1",
 "phf_codegen",
 "string_cache",
 "string_cache_codegen",
 "tendril",
]

[[package]]
name = "minihttp"
version = "0.1.9"
source = "git+https://github.com/Sreyas-Sreelal/minihttp#20e6a48dc6cbdb1b38d66140819092d37c663163"
dependencies = [
 "minihttpse",
 "miniurl",
 "native-tls",
]

[[package]]
name = "minihttpse"
version = "0.1.6"
source = "registry+https://github.com/rust-lang/crates.io-index"
checksum = "8e50e8cee436b4318ec759930d6ea5f839d14dab94e81b6fba37d492d07ebf55"

[[package]]
name = "miniurl"
version = "0.1.3"
source = "registry+https://github.com/rust-lang/crates.io-index"
checksum = "1346e28b38a4554e6fa7f8fc49874cac3f9ecb781408bac3274fb948fee303e0"

[[package]]
name = "native-tls"
version = "0.2.3"
source = "registry+https://github.com/rust-lang/crates.io-index"
checksum = "4b2df1a4c22fd44a62147fd8f13dd0f95c9d8ca7b2610299b2a2f9cf8964274e"
dependencies = [
 "lazy_static",
 "libc",
 "log",
 "openssl",
 "openssl-probe",
 "openssl-sys",
 "schannel",
 "security-framework",
 "security-framework-sys",
 "tempfile",
]

[[package]]
name = "new_debug_unreachable"
version = "1.0.3"
source = "registry+https://github.com/rust-lang/crates.io-index"
checksum = "f40f005c60db6e03bae699e414c58bf9aa7ea02a2d0b9bfbcf19286cc4c82b30"

[[package]]
name = "num-traits"
version = "0.1.43"
source = "registry+https://github.com/rust-lang/crates.io-index"
checksum = "92e5113e9fd4cc14ded8e499429f396a20f98c772a47cc8622a736e1ec843c31"
dependencies = [
 "num-traits 0.2.7",
]

[[package]]
name = "num-traits"
version = "0.2.7"
source = "registry+https://github.com/rust-lang/crates.io-index"
checksum = "d9c79c952a4a139f44a0fe205c4ee66ce239c0e6ce72cd935f5f7e2f717549dd"
dependencies = [
 "autocfg 0.1.2",
]

[[package]]
name = "once_cell"
version = "1.18.0"
source = "registry+https://github.com/rust-lang/crates.io-index"
checksum = "dd8b5dd2ae5ed71462c540258bedcb51965123ad7e7ccf4b9a8cafaa4a63576d"

[[package]]
name = "openssl"
version = "0.10.23"
source = "registry+https://github.com/rust-lang/crates.io-index"
checksum = "97c140cbb82f3b3468193dd14c1b88def39f341f68257f8a7fe8ed9ed3f628a5"
dependencies = [
 "bitflags 1.0.4",
 "cfg-if 0.1.9",
 "foreign-types",
 "lazy_static",
 "libc",
 "openssl-sys",
]

[[package]]
name = "openssl-probe"
version = "0.1.2"
source = "registry+https://github.com/rust-lang/crates.io-index"
checksum = "77af24da69f9d9341038eba93a073b1fdaaa1b788221b00a69bce9e762cb32de"

[[package]]
name = "openssl-sys"
version = "0.9.47"
source = "registry+https://github.com/rust-lang/crates.io-index"
checksum = "75bdd6dbbb4958d38e47a1d2348847ad1eb4dc205dc5d37473ae504391865acc"
dependencies = [
 "autocfg 0.1.2",
 "cc",
 "libc",
 "pkg-config",
 "vcpkg",
]

[[package]]
name = "parking_lot"
version = "0.11.1"
source = "registry+https://github.com/rust-lang/crates.io-index"
checksum = "6d7744ac029df22dca6284efe4e898991d28e3085c706c972bcd7da4a27a15eb"
dependencies = [
 "instant",
 "lock_api",
 "parking_lot_core",
]

[[package]]
name = "parking_lot_core"
version = "0.8.2"
source = "registry+https://github.com/rust-lang/crates.io-index"
checksum = "9ccb628cad4f84851442432c60ad8e1f607e29752d0bf072cbd0baf28aa34272"
dependencies = [
 "cfg-if 1.0.0",
 "instant",
 "libc",
 "redox_syscall",
 "smallvec",
 "winapi",
]

[[package]]
name = "pawnscraper"
version = "0.2.2"
dependencies = [
 "encoding",
 "fern",
 "log",
 "minihttp",
 "samp",
 "scraper",
]

[[package]]
name = "phf"
version = "0.10.1"
source = "registry+https://github.com/rust-lang/crates.io-index"
checksum = "fabbf1ead8a5bcbc20f5f8b939ee3f5b0f6f281b6ad3468b84656b658b455259"
dependencies = [
 "phf_shared 0.10.0",
]

[[package]]
name = "phf"
version = "0.11.2"
source = "registry+https://github.com/rust-lang/crates.io-index"
checksum = "ade2d8b8f33c7333b51bcf0428d37e217e9f32192ae4772156f65063b8ce03dc"
dependencies = [
 "phf_macros",
 "phf_shared 0.11.2",
]

[[package]]
name = "phf_codegen"
version = "0.10.0"
source = "registry+https://github.com/rust-lang/crates.io-index"
checksum = "4fb1c3a8bc4dd4e5cfce29b44ffc14bedd2ee294559a294e2a4d4c9e9a6a13cd"
dependencies = [
 "phf_generator 0.10.0",
 "phf_shared 0.10.0",
]

[[package]]
name = "phf_generator"
version = "0.10.0"
source = "registry+https://github.com/rust-lang/crates.io-index"
checksum = "5d5285893bb5eb82e6aaf5d59ee909a06a16737a8970984dd7746ba9283498d6"
dependencies = [
 "phf_shared 0.10.0",
 "rand 0.8.5",
]

[[package]]
name = "phf_generator"
version = "0.11.2"
source = "registry+https://github.com/rust-lang/crates.io-index"
checksum = "48e4cc64c2ad9ebe670cb8fd69dd50ae301650392e81c05f9bfcb2d5bdbc24b0"
dependencies = [
 "phf_shared 0.11.2",
 "rand 0.8.5",
]

[[package]]
name = "phf_macros"
version = "0.11.2"
source = "registry+https://github.com/rust-lang/crates.io-index"
checksum = "3444646e286606587e49f3bcf1679b8cef1dc2c5ecc29ddacaffc305180d464b"
dependencies = [
 "phf_generator 0.11.2",
 "phf_shared 0.11.2",
 "proc-macro2 1.0.66",
 "quote 1.0.33",
 "syn 2.0.29",
]

[[package]]
name = "phf_shared"
version = "0.10.0"
source = "registry+https://github.com/rust-lang/crates.io-index"
checksum = "b6796ad771acdc0123d2a88dc428b5e38ef24456743ddb1744ed628f9815c096"
dependencies = [
 "siphasher",
]

[[package]]
name = "phf_shared"
version = "0.11.2"
source = "registry+https://github.com/rust-lang/crates.io-index"
checksum = "90fcb95eef784c2ac79119d1dd819e162b5da872ce6f3c3abe1e8ca1c082f72b"
dependencies = [
 "siphasher",
]

[[package]]
name = "pkg-config"
version = "0.3.14"
source = "registry+https://github.com/rust-lang/crates.io-index"
checksum = "676e8eb2b1b4c9043511a9b7bea0915320d7e502b0a079fb03f9635a5252b18c"

[[package]]
name = "ppv-lite86"
version = "0.2.17"
source = "registry+https://github.com/rust-lang/crates.io-index"
checksum = "5b40af805b3121feab8a3c29f04d8ad262fa8e0561883e7653e024ae4479e6de"

[[package]]
name = "precomputed-hash"
version = "0.1.1"
source = "registry+https://github.com/rust-lang/crates.io-index"
checksum = "925383efa346730478fb4838dbe9137d2a47675ad789c546d150a6e1dd4ab31c"

[[package]]
name = "proc-macro2"
version = "0.4.30"
source = "registry+https://github.com/rust-lang/crates.io-index"
checksum = "cf3d2011ab5c909338f7887f4fc896d35932e29146c12c8d01da6b22a80ba759"
dependencies = [
 "unicode-xid",
]

[[package]]
name = "proc-macro2"
version = "1.0.66"
source = "registry+https://github.com/rust-lang/crates.io-index"
checksum = "18fb31db3f9bddb2ea821cde30a9f70117e3f119938b5ee630b7403aa6e2ead9"
dependencies = [
 "unicode-ident",
]

[[package]]
name = "quote"
version = "0.6.12"
source = "registry+https://github.com/rust-lang/crates.io-index"
checksum = "faf4799c5d274f3868a4aae320a0a182cbd2baee377b378f080e16a23e9d80db"
dependencies = [
 "proc-macro2 0.4.30",
]

[[package]]
name = "quote"
version = "1.0.33"
source = "registry+https://github.com/rust-lang/crates.io-index"
checksum = "5267fca4496028628a95160fc423a33e8b2e6af8a5302579e322e4b520293cae"
dependencies = [
 "proc-macro2 1.0.66",
]

[[package]]
name = "rand"
version = "0.4.6"
source = "registry+https://github.com/rust-lang/crates.io-index"
checksum = "552840b97013b1a26992c11eac34bdd778e464601a4c2054b5f0bff7c6761293"
dependencies = [
 "fuchsia-cprng",
 "libc",
 "rand_core 0.3.1",
 "rdrand",
 "winapi",
]

[[package]]
name = "rand"
version = "0.6.5"
source = "registry+https://github.com/rust-lang/crates.io-index"
checksum = "6d71dacdc3c88c1fde3885a3be3fbab9f35724e6ce99467f7d9c5026132184ca"
dependencies = [
 "autocfg 0.1.2",
 "libc",
 "rand_chacha 0.1.1",
 "rand_core 0.4.0",
 "rand_hc",
 "rand_isaac",
 "rand_jitter",
 "rand_os",
 "rand_pcg",
 "rand_xorshift",
 "winapi",
]

[[package]]
name = "rand"
version = "0.8.5"
source = "registry+https://github.com/rust-lang/crates.io-index"
checksum = "34af8d1a0e25924bc5b7c43c079c942339d8f0a8b57c39049bef581b46327404"
dependencies = [
 "libc",
 "rand_chacha 0.3.1",
 "rand_core 0.6.4",
]

[[package]]
name = "rand_chacha"
version = "0.1.1"
source = "registry+https://github.com/rust-lang/crates.io-index"
checksum = "556d3a1ca6600bfcbab7c7c91ccb085ac7fbbcd70e008a98742e7847f4f7bcef"
dependencies = [
 "autocfg 0.1.2",
 "rand_core 0.3.1",
]

[[package]]
name = "rand_chacha"
version = "0.3.1"
source = "registry+https://github.com/rust-lang/crates.io-index"
checksum = "e6c10a63a0fa32252be49d21e7709d4d4baf8d231c2dbce1eaa8141b9b127d88"
dependencies = [
 "ppv-lite86",
 "rand_core 0.6.4",
]

[[package]]
name = "rand_core"
version = "0.3.1"
source = "registry+https://github.com/rust-lang/crates.io-index"
checksum = "7a6fdeb83b075e8266dcc8762c22776f6877a63111121f5f8c7411e5be7eed4b"
dependencies = [
 "rand_core 0.4.0",
]

[[package]]
name = "rand_core"
version = "0.4.0"
source = "registry+https://github.com/rust-lang/crates.io-index"
checksum = "d0e7a549d590831370895ab7ba4ea0c1b6b011d106b5ff2da6eee112615e6dc0"

[[package]]
name = "rand_core"
version = "0.6.4"
source = "registry+https://github.com/rust-lang/crates.io-index"
checksum = "ec0be4795e2f6a28069bec0b5ff3e2ac9bafc99e6a9a7dc3547996c5c816922c"
dependencies = [
 "getrandom",
]

[[package]]
name = "rand_hc"
version = "0.1.0"
source = "registry+https://github.com/rust-lang/crates.io-index"
checksum = "7b40677c7be09ae76218dc623efbf7b18e34bced3f38883af07bb75630a21bc4"
dependencies = [
 "rand_core 0.3.1",
]

[[package]]
name = "rand_isaac"
version = "0.1.1"
source = "registry+https://github.com/rust-lang/crates.io-index"
checksum = "ded997c9d5f13925be2a6fd7e66bf1872597f759fd9dd93513dd7e92e5a5ee08"
dependencies = [
 "rand_core 0.3.1",
]

[[package]]
name = "rand_jitter"
version = "0.1.4"
source = "registry+https://github.com/rust-lang/crates.io-index"
checksum = "1166d5c91dc97b88d1decc3285bb0a99ed84b05cfd0bc2341bdf2d43fc41e39b"
dependencies = [
 "libc",
 "rand_core 0.4.0",
 "winapi",
]

[[package]]
name = "rand_os"
version = "0.1.3"
source = "registry+https://github.com/rust-lang/crates.io-index"
checksum = "7b75f676a1e053fc562eafbb47838d67c84801e38fc1ba459e8f180deabd5071"
dependencies = [
 "cloudabi",
 "fuchsia-cprng",
 "libc",
 "rand_core 0.4.0",
 "rdrand",
 "winapi",
]

[[package]]
name = "rand_pcg"
version = "0.1.2"
source = "registry+https://github.com/rust-lang/crates.io-index"
checksum = "abf9b09b01790cfe0364f52bf32995ea3c39f4d2dd011eac241d2914146d0b44"
dependencies = [
 "autocfg 0.1.2",
 "rand_core 0.4.0",
]

[[package]]
name = "rand_xorshift"
version = "0.1.1"
source = "registry+https://github.com/rust-lang/crates.io-index"
checksum = "cbf7e9e623549b0e21f6e97cf8ecf247c1a8fd2e8a992ae265314300b2455d5c"
dependencies = [
 "rand_core 0.3.1",
]

[[package]]
name = "rdrand"
version = "0.4.0"
source = "registry+https://github.com/rust-lang/crates.io-index"
checksum = "678054eb77286b51581ba43620cc911abf02758c91f93f479767aed0f90458b2"
dependencies = [
 "rand_core 0.3.1",
]

[[package]]
name = "redox_syscall"
version = "0.1.57"
source = "registry+https://github.com/rust-lang/crates.io-index"
checksum = "41cc0f7e4d5d4544e8861606a285bb08d3e70712ccc7d2b84d7c0ccfaf4b05ce"

[[package]]
name = "remove_dir_all"
version = "0.5.1"
source = "registry+https://github.com/rust-lang/crates.io-index"
checksum = "3488ba1b9a2084d38645c4c08276a1752dcbf2c7130d74f1569681ad5d2799c5"
dependencies = [
 "winapi",
]

[[package]]
name = "rgb"
version = "0.8.13"
source = "registry+https://github.com/rust-lang/crates.io-index"
checksum = "4f089652ca87f5a82a62935ec6172a534066c7b97be003cc8f702ee9a7a59c92"

[[package]]
name = "samp"
version = "0.1.3"
source = "git+https://github.com/Pycckue-Bnepeg/samp-rs/#17ecb2f722bf0d74a98eb782745cd77e41c3c60a"
dependencies = [
 "fern",
 "samp-codegen",
 "samp-sdk",
]

[[package]]
name = "samp-codegen"
version = "0.1.2"
source = "git+https://github.com/Pycckue-Bnepeg/samp-rs/#17ecb2f722bf0d74a98eb782745cd77e41c3c60a"
dependencies = [
 "proc-macro2 0.4.30",
 "quote 0.6.12",
 "syn 0.15.34",
]

[[package]]
name = "samp-sdk"
version = "0.9.2"
source = "git+https://github.com/Pycckue-Bnepeg/samp-rs/#17ecb2f722bf0d74a98eb782745cd77e41c3c60a"
dependencies = [
 "bitflags 1.0.4",
 "colored",
]

[[package]]
name = "schannel"
version = "0.1.15"
source = "registry+https://github.com/rust-lang/crates.io-index"
checksum = "f2f6abf258d99c3c1c5c2131d99d064e94b7b3dd5f416483057f308fea253339"
dependencies = [
 "lazy_static",
 "winapi",
]

[[package]]
name = "scopeguard"
version = "1.2.0"
source = "registry+https://github.com/rust-lang/crates.io-index"
checksum = "94143f37725109f92c262ed2cf5e59bce7498c01bcc1502d7b9afe439a4e9f49"

[[package]]
name = "scraper"
version = "0.17.1"
source = "registry+https://github.com/rust-lang/crates.io-index"
checksum = "c95a930e03325234c18c7071fd2b60118307e025d6fff3e12745ffbf63a3d29c"
dependencies = [
 "ahash",
 "cssparser",
 "ego-tree",
 "getopts",
 "html5ever",
 "once_cell",
 "selectors",
 "smallvec",
 "tendril",
]

[[package]]
name = "security-framework"
version = "0.3.1"
source = "registry+https://github.com/rust-lang/crates.io-index"
checksum = "eee63d0f4a9ec776eeb30e220f0bc1e092c3ad744b2a379e3993070364d3adc2"
dependencies = [
 "core-foundation",
 "core-foundation-sys",
 "libc",
 "security-framework-sys",
]

[[package]]
name = "security-framework-sys"
version = "0.3.1"
source = "registry+https://github.com/rust-lang/crates.io-index"
checksum = "9636f8989cbf61385ae4824b98c1aaa54c994d7d8b41f11c601ed799f0549a56"
dependencies = [
 "core-foundation-sys",
]

[[package]]
name = "selectors"
version = "0.25.0"
source = "registry+https://github.com/rust-lang/crates.io-index"
checksum = "4eb30575f3638fc8f6815f448d50cb1a2e255b0897985c8c59f4d37b72a07b06"
dependencies = [
 "bitflags 2.4.0",
 "cssparser",
 "derive_more",
 "fxhash",
 "log",
 "new_debug_unreachable",
 "phf 0.10.1",
 "phf_codegen",
 "precomputed-hash",
 "servo_arc",
 "smallvec",
]

[[package]]
name = "serde"
version = "1.0.91"
source = "registry+https://github.com/rust-lang/crates.io-index"
checksum = "a72e9b96fa45ce22a4bc23da3858dfccfd60acd28a25bcd328a98fdd6bea43fd"

[[package]]
name = "servo_arc"
version = "0.3.0"
source = "registry+https://github.com/rust-lang/crates.io-index"
checksum = "d036d71a959e00c77a63538b90a6c2390969f9772b096ea837205c6bd0491a44"
dependencies = [
 "stable_deref_trait",
]

[[package]]
name = "siphasher"
version = "0.3.11"
source = "registry+https://github.com/rust-lang/crates.io-index"
checksum = "38b58827f4464d87d377d175e90bf58eb00fd8716ff0a62f80356b5e61555d0d"

[[package]]
name = "smallvec"
version = "1.11.0"
source = "registry+https://github.com/rust-lang/crates.io-index"
checksum = "62bb4feee49fdd9f707ef802e22365a35de4b7b299de4763d44bfea899442ff9"

[[package]]
name = "stable_deref_trait"
version = "1.1.1"
source = "registry+https://github.com/rust-lang/crates.io-index"
checksum = "dba1a27d3efae4351c8051072d619e3ade2820635c3958d826bfea39d59b54c8"

[[package]]
name = "string_cache"
version = "0.8.3"
source = "registry+https://github.com/rust-lang/crates.io-index"
checksum = "33994d0838dc2d152d17a62adf608a869b5e846b65b389af7f3dbc1de45c5b26"
dependencies = [
 "lazy_static",
 "new_debug_unreachable",
 "parking_lot",
 "phf_shared 0.10.0",
 "precomputed-hash",
 "serde",
]

[[package]]
name = "string_cache_codegen"
version = "0.5.2"
source = "registry+https://github.com/rust-lang/crates.io-index"
checksum = "6bb30289b722be4ff74a408c3cc27edeaad656e06cb1fe8fa9231fa59c728988"
dependencies = [
 "phf_generator 0.10.0",
 "phf_shared 0.10.0",
 "proc-macro2 1.0.66",
 "quote 1.0.33",
]

[[package]]
name = "syn"
version = "0.15.34"
source = "registry+https://github.com/rust-lang/crates.io-index"
checksum = "a1393e4a97a19c01e900df2aec855a29f71cf02c402e2f443b8d2747c25c5dbe"
dependencies = [
 "proc-macro2 0.4.30",
 "quote 0.6.12",
 "unicode-xid",
]

[[package]]
name = "syn"
version = "1.0.109"
source = "registry+https://github.com/rust-lang/crates.io-index"
checksum = "72b64191b275b66ffe2469e8af2c1cfe3bafa67b529ead792a6d0160888b4237"
dependencies = [
 "proc-macro2 1.0.66",
 "quote 1.0.33",
 "unicode-ident",
]

[[package]]
name = "syn"
version = "2.0.29"
source = "registry+https://github.com/rust-lang/crates.io-index"
checksum = "c324c494eba9d92503e6f1ef2e6df781e78f6a7705a0202d9801b198807d518a"
dependencies = [
 "proc-macro2 1.0.66",
 "quote 1.0.33",
 "unicode-ident",
]

[[package]]
name = "tempfile"
version = "3.0.8"
source = "registry+https://github.com/rust-lang/crates.io-index"
checksum = "7dc4738f2e68ed2855de5ac9cdbe05c9216773ecde4739b2f095002ab03a13ef"
dependencies = [
 "cfg-if 0.1.9",
 "libc",
 "rand 0.6.5",
 "redox_syscall",
 "remove_dir_all",
 "winapi",
]

[[package]]
name = "tendril"
version = "0.4.3"
source = "registry+https://github.com/rust-lang/crates.io-index"
checksum = "d24a120c5fc464a3458240ee02c299ebcb9d67b5249c8848b09d639dca8d7bb0"
dependencies = [
 "futf",
 "mac",
 "utf-8",
]

[[package]]
name = "unicode-ident"
version = "1.0.11"
source = "registry+https://github.com/rust-lang/crates.io-index"
checksum = "301abaae475aa91687eb82514b328ab47a211a533026cb25fc3e519b86adfc3c"

[[package]]
name = "unicode-width"
version = "0.1.5"
source = "registry+https://github.com/rust-lang/crates.io-index"
checksum = "882386231c45df4700b275c7ff55b6f3698780a650026380e72dabe76fa46526"

[[package]]
name = "unicode-xid"
version = "0.1.0"
source = "registry+https://github.com/rust-lang/crates.io-index"
checksum = "fc72304796d0818e357ead4e000d19c9c174ab23dc11093ac919054d20a6a7fc"

[[package]]
name = "utf-8"
version = "0.7.5"
source = "registry+https://github.com/rust-lang/crates.io-index"
checksum = "05e42f7c18b8f902290b009cde6d651262f956c98bc51bca4cd1d511c9cd85c7"

[[package]]
name = "vcpkg"
version = "0.2.6"
source = "registry+https://github.com/rust-lang/crates.io-index"
checksum = "def296d3eb3b12371b2c7d0e83bfe1403e4db2d7a0bba324a12b21c4ee13143d"

[[package]]
name = "version_check"
version = "0.9.4"
source = "registry+https://github.com/rust-lang/crates.io-index"
checksum = "49874b5167b65d7193b8aba1567f5c7d93d001cafc34600cee003eda787e483f"

[[package]]
name = "wasi"
version = "0.11.0+wasi-snapshot-preview1"
source = "registry+https://github.com/rust-lang/crates.io-index"
checksum = "9c8d87e72b64a3b4db28d11ce29237c246188f4f51057d65a7eab63b7987e423"

[[package]]
name = "winapi"
version = "0.3.9"
source = "registry+https://github.com/rust-lang/crates.io-index"
checksum = "5c839a674fcd7a98952e593242ea400abe93992746761e38641405d28b00f419"
dependencies = [
 "winapi-i686-pc-windows-gnu",
 "winapi-x86_64-pc-windows-gnu",
]

[[package]]
name = "winapi-i686-pc-windows-gnu"
version = "0.4.0"
source = "registry+https://github.com/rust-lang/crates.io-index"
checksum = "ac3b87c63620426dd9b991e5ce0329eff545bccbbb34f3be09ff6fb6ab51b7b6"

[[package]]
name = "winapi-x86_64-pc-windows-gnu"
version = "0.4.0"
source = "registry+https://github.com/rust-lang/crates.io-index"
checksum = "712e227841d057c1ee1cd2fb22fa7e5a5461ae8e48fa2ca79ec42cfc1931183f"

[[package]]
name = "winconsole"
version = "0.10.0"
source = "registry+https://github.com/rust-lang/crates.io-index"
checksum = "3ef84b96d10db72dd980056666d7f1e7663ce93d82fa33b63e71c966f4cf5032"
dependencies = [
 "cgmath",
 "lazy_static",
 "rgb",
 "winapi",
]
